// !$*UTF8*$!
{
	archiveVersion = 1;
	classes = {
	};
	objectVersion = 51;
	objects = {

/* Begin PBXBuildFile section */
		0D78EBD71B28A31C95F38E95 /* Pods_FuddApp.framework in Frameworks */ = {isa = PBXBuildFile; fileRef = D999C6F05751398951E9470F /* Pods_FuddApp.framework */; };
		B9B2B286257C04E200749932 /* Services.swift in Sources */ = {isa = PBXBuildFile; fileRef = B9B2B285257C04E100749932 /* Services.swift */; };
		B9B2B289257C04E600749932 /* MockServices.swift in Sources */ = {isa = PBXBuildFile; fileRef = B9B2B288257C04E600749932 /* MockServices.swift */; };
		B9B2B28C257C04EA00749932 /* FudAppApi.swift in Sources */ = {isa = PBXBuildFile; fileRef = B9B2B28B257C04EA00749932 /* FudAppApi.swift */; };
		B9B2B2BB257C06CF00749932 /* HomeCoordinator.swift in Sources */ = {isa = PBXBuildFile; fileRef = B9B2B2BA257C06CF00749932 /* HomeCoordinator.swift */; };
		B9B2B2BE257C06E500749932 /* Coordinator.swift in Sources */ = {isa = PBXBuildFile; fileRef = B9B2B2BD257C06E500749932 /* Coordinator.swift */; };
		B9B2B2C1257C073200749932 /* AppCoordinator.swift in Sources */ = {isa = PBXBuildFile; fileRef = B9B2B2C0257C073200749932 /* AppCoordinator.swift */; };
		B9B4AB4125725E180013C592 /* AppDelegate.swift in Sources */ = {isa = PBXBuildFile; fileRef = B9B4AB4025725E180013C592 /* AppDelegate.swift */; };
		B9B4AB4325725E180013C592 /* SceneDelegate.swift in Sources */ = {isa = PBXBuildFile; fileRef = B9B4AB4225725E180013C592 /* SceneDelegate.swift */; };
		B9B4AB4525725E180013C592 /* HomeViewController.swift in Sources */ = {isa = PBXBuildFile; fileRef = B9B4AB4425725E180013C592 /* HomeViewController.swift */; };
		B9B4AB4A25725E1C0013C592 /* Assets.xcassets in Resources */ = {isa = PBXBuildFile; fileRef = B9B4AB4925725E1C0013C592 /* Assets.xcassets */; };
		B9B4AB4D25725E1C0013C592 /* LaunchScreen.storyboard in Resources */ = {isa = PBXBuildFile; fileRef = B9B4AB4B25725E1C0013C592 /* LaunchScreen.storyboard */; };
		B9B4AB6F2572B7700013C592 /* HomeCollectionViewCell.swift in Sources */ = {isa = PBXBuildFile; fileRef = B9B4AB6D2572B7700013C592 /* HomeCollectionViewCell.swift */; };
		B9B4AB702572B7700013C592 /* HomeCollectionViewCell.xib in Resources */ = {isa = PBXBuildFile; fileRef = B9B4AB6E2572B7700013C592 /* HomeCollectionViewCell.xib */; };
		B9B4AB762572BD170013C592 /* Restaurant.swift in Sources */ = {isa = PBXBuildFile; fileRef = B9B4AB752572BD170013C592 /* Restaurant.swift */; };
		B9B4AB8025739D630013C592 /* HeaderView.swift in Sources */ = {isa = PBXBuildFile; fileRef = B9B4AB7E25739D630013C592 /* HeaderView.swift */; };
/* End PBXBuildFile section */

/* Begin PBXFileReference section */
		3D49DF5C9E4BEBB780526451 /* Pods-FuddApp.release.xcconfig */ = {isa = PBXFileReference; includeInIndex = 1; lastKnownFileType = text.xcconfig; name = "Pods-FuddApp.release.xcconfig"; path = "Target Support Files/Pods-FuddApp/Pods-FuddApp.release.xcconfig"; sourceTree = "<group>"; };
		6B81495D70874B5C57B4FF45 /* Pods-FuddApp.debug.xcconfig */ = {isa = PBXFileReference; includeInIndex = 1; lastKnownFileType = text.xcconfig; name = "Pods-FuddApp.debug.xcconfig"; path = "Target Support Files/Pods-FuddApp/Pods-FuddApp.debug.xcconfig"; sourceTree = "<group>"; };
		B9B2B285257C04E100749932 /* Services.swift */ = {isa = PBXFileReference; fileEncoding = 4; lastKnownFileType = sourcecode.swift; path = Services.swift; sourceTree = "<group>"; };
		B9B2B288257C04E600749932 /* MockServices.swift */ = {isa = PBXFileReference; fileEncoding = 4; lastKnownFileType = sourcecode.swift; path = MockServices.swift; sourceTree = "<group>"; };
		B9B2B28B257C04EA00749932 /* FudAppApi.swift */ = {isa = PBXFileReference; fileEncoding = 4; lastKnownFileType = sourcecode.swift; path = FudAppApi.swift; sourceTree = "<group>"; };
		B9B2B2BA257C06CF00749932 /* HomeCoordinator.swift */ = {isa = PBXFileReference; lastKnownFileType = sourcecode.swift; path = HomeCoordinator.swift; sourceTree = "<group>"; };
		B9B2B2BD257C06E500749932 /* Coordinator.swift */ = {isa = PBXFileReference; lastKnownFileType = sourcecode.swift; path = Coordinator.swift; sourceTree = "<group>"; };
		B9B2B2C0257C073200749932 /* AppCoordinator.swift */ = {isa = PBXFileReference; lastKnownFileType = sourcecode.swift; name = AppCoordinator.swift; path = FuddApp/Protocol/AppCoordinator.swift; sourceTree = SOURCE_ROOT; };
		B9B4AB3D25725E180013C592 /* FuddApp.app */ = {isa = PBXFileReference; explicitFileType = wrapper.application; includeInIndex = 0; path = FuddApp.app; sourceTree = BUILT_PRODUCTS_DIR; };
		B9B4AB4025725E180013C592 /* AppDelegate.swift */ = {isa = PBXFileReference; lastKnownFileType = sourcecode.swift; path = AppDelegate.swift; sourceTree = "<group>"; };
		B9B4AB4225725E180013C592 /* SceneDelegate.swift */ = {isa = PBXFileReference; lastKnownFileType = sourcecode.swift; path = SceneDelegate.swift; sourceTree = "<group>"; };
		B9B4AB4425725E180013C592 /* HomeViewController.swift */ = {isa = PBXFileReference; lastKnownFileType = sourcecode.swift; path = HomeViewController.swift; sourceTree = "<group>"; };
		B9B4AB4925725E1C0013C592 /* Assets.xcassets */ = {isa = PBXFileReference; lastKnownFileType = folder.assetcatalog; path = Assets.xcassets; sourceTree = "<group>"; };
		B9B4AB4C25725E1C0013C592 /* Base */ = {isa = PBXFileReference; lastKnownFileType = file.storyboard; name = Base; path = Base.lproj/LaunchScreen.storyboard; sourceTree = "<group>"; };
		B9B4AB4E25725E1C0013C592 /* Info.plist */ = {isa = PBXFileReference; lastKnownFileType = text.plist.xml; path = Info.plist; sourceTree = "<group>"; };
		B9B4AB6D2572B7700013C592 /* HomeCollectionViewCell.swift */ = {isa = PBXFileReference; lastKnownFileType = sourcecode.swift; path = HomeCollectionViewCell.swift; sourceTree = "<group>"; };
		B9B4AB6E2572B7700013C592 /* HomeCollectionViewCell.xib */ = {isa = PBXFileReference; lastKnownFileType = file.xib; path = HomeCollectionViewCell.xib; sourceTree = "<group>"; };
		B9B4AB752572BD170013C592 /* Restaurant.swift */ = {isa = PBXFileReference; lastKnownFileType = sourcecode.swift; path = Restaurant.swift; sourceTree = "<group>"; };
		B9B4AB7E25739D630013C592 /* HeaderView.swift */ = {isa = PBXFileReference; lastKnownFileType = sourcecode.swift; path = HeaderView.swift; sourceTree = "<group>"; };
		D999C6F05751398951E9470F /* Pods_FuddApp.framework */ = {isa = PBXFileReference; explicitFileType = wrapper.framework; includeInIndex = 0; path = Pods_FuddApp.framework; sourceTree = BUILT_PRODUCTS_DIR; };
/* End PBXFileReference section */

/* Begin PBXFrameworksBuildPhase section */
		B9B4AB3A25725E180013C592 /* Frameworks */ = {
			isa = PBXFrameworksBuildPhase;
			buildActionMask = 2147483647;
			files = (
				0D78EBD71B28A31C95F38E95 /* Pods_FuddApp.framework in Frameworks */,
			);
			runOnlyForDeploymentPostprocessing = 0;
		};
/* End PBXFrameworksBuildPhase section */

/* Begin PBXGroup section */
		039D641511CA783FF81FA3A5 /* Frameworks */ = {
			isa = PBXGroup;
			children = (
				D999C6F05751398951E9470F /* Pods_FuddApp.framework */,
			);
			name = Frameworks;
			sourceTree = "<group>";
		};
		B9B2B283257C04C200749932 /* Services */ = {
			isa = PBXGroup;
			children = (
				B9B2B28B257C04EA00749932 /* FudAppApi.swift */,
				B9B2B288257C04E600749932 /* MockServices.swift */,
			);
			path = Services;
			sourceTree = "<group>";
		};
		B9B2B284257C04CC00749932 /* Protocol */ = {
			isa = PBXGroup;
			children = (
				B9B2B285257C04E100749932 /* Services.swift */,
				B9B2B2BD257C06E500749932 /* Coordinator.swift */,
			);
			path = Protocol;
			sourceTree = "<group>";
		};
		B9B4AB3425725E180013C592 = {
			isa = PBXGroup;
			children = (
				B9B4AB3F25725E180013C592 /* FuddApp */,
				B9B4AB3E25725E180013C592 /* Products */,
				CF0B5E2E65385F78691BC5A6 /* Pods */,
				039D641511CA783FF81FA3A5 /* Frameworks */,
			);
			sourceTree = "<group>";
		};
		B9B4AB3E25725E180013C592 /* Products */ = {
			isa = PBXGroup;
			children = (
				B9B4AB3D25725E180013C592 /* FuddApp.app */,
			);
			name = Products;
			sourceTree = "<group>";
		};
		B9B4AB3F25725E180013C592 /* FuddApp */ = {
			isa = PBXGroup;
			children = (
				B9B2B284257C04CC00749932 /* Protocol */,
				B9B2B283257C04C200749932 /* Services */,
				B9B4AB742572BCEF0013C592 /* Utilities */,
				B9B4AB5B257260600013C592 /* Coordinators */,
				B9B4AB582572600C0013C592 /* Scene */,
				B9B4AB5725725FFF0013C592 /* Resources */,
				B9B4AB5625725EAF0013C592 /* Application */,
				B9B4AB4925725E1C0013C592 /* Assets.xcassets */,
				B9B4AB4B25725E1C0013C592 /* LaunchScreen.storyboard */,
			);
			path = FuddApp;
			sourceTree = "<group>";
		};
		B9B4AB5625725EAF0013C592 /* Application */ = {
			isa = PBXGroup;
			children = (
				B9B4AB4E25725E1C0013C592 /* Info.plist */,
				B9B4AB4025725E180013C592 /* AppDelegate.swift */,
				B9B4AB4225725E180013C592 /* SceneDelegate.swift */,
			);
			path = Application;
			sourceTree = "<group>";
		};
		B9B4AB5725725FFF0013C592 /* Resources */ = {
			isa = PBXGroup;
			children = (
			);
			path = Resources;
			sourceTree = "<group>";
		};
		B9B4AB582572600C0013C592 /* Scene */ = {
			isa = PBXGroup;
			children = (
				B9B4AB6B2572B7440013C592 /* Home */,
			);
			path = Scene;
			sourceTree = "<group>";
		};
		B9B4AB5B257260600013C592 /* Coordinators */ = {
			isa = PBXGroup;
			children = (
				B9B2B2C0257C073200749932 /* AppCoordinator.swift */,
			);
			path = Coordinators;
			sourceTree = "<group>";
		};
		B9B4AB6B2572B7440013C592 /* Home */ = {
			isa = PBXGroup;
			children = (
				B9B4AB4425725E180013C592 /* HomeViewController.swift */,
				B9B4AB6C2572B7540013C592 /* HomeCollectionView */,
				B9B2B2BA257C06CF00749932 /* HomeCoordinator.swift */,
			);
			path = Home;
			sourceTree = "<group>";
		};
		B9B4AB6C2572B7540013C592 /* HomeCollectionView */ = {
			isa = PBXGroup;
			children = (
				B9B4AB6D2572B7700013C592 /* HomeCollectionViewCell.swift */,
				B9B4AB6E2572B7700013C592 /* HomeCollectionViewCell.xib */,
				B9B4AB7E25739D630013C592 /* HeaderView.swift */,
			);
			path = HomeCollectionView;
			sourceTree = "<group>";
		};
		B9B4AB742572BCEF0013C592 /* Utilities */ = {
			isa = PBXGroup;
			children = (
				B9B4AB752572BD170013C592 /* Restaurant.swift */,
			);
			path = Utilities;
			sourceTree = "<group>";
		};
		CF0B5E2E65385F78691BC5A6 /* Pods */ = {
			isa = PBXGroup;
			children = (
				6B81495D70874B5C57B4FF45 /* Pods-FuddApp.debug.xcconfig */,
				3D49DF5C9E4BEBB780526451 /* Pods-FuddApp.release.xcconfig */,
			);
			path = Pods;
			sourceTree = "<group>";
		};
/* End PBXGroup section */

/* Begin PBXNativeTarget section */
		B9B4AB3C25725E180013C592 /* FuddApp */ = {
			isa = PBXNativeTarget;
			buildConfigurationList = B9B4AB5125725E1C0013C592 /* Build configuration list for PBXNativeTarget "FuddApp" */;
			buildPhases = (
				D5800CC3293BB195A1C0FB9D /* [CP] Check Pods Manifest.lock */,
				B9B4AB60257262BE0013C592 /* SwiftLint */,
				B9B4AB3925725E180013C592 /* Sources */,
				B9B4AB3A25725E180013C592 /* Frameworks */,
				B9B4AB3B25725E180013C592 /* Resources */,
				A4F9097CD1A0D032AB5E57A5 /* [CP] Embed Pods Frameworks */,
			);
			buildRules = (
			);
			dependencies = (
			);
			name = FuddApp;
			productName = FuddApp;
			productReference = B9B4AB3D25725E180013C592 /* FuddApp.app */;
			productType = "com.apple.product-type.application";
		};
/* End PBXNativeTarget section */

/* Begin PBXProject section */
		B9B4AB3525725E180013C592 /* Project object */ = {
			isa = PBXProject;
			attributes = {
				LastSwiftUpdateCheck = 1210;
				LastUpgradeCheck = 1210;
				TargetAttributes = {
					B9B4AB3C25725E180013C592 = {
						CreatedOnToolsVersion = 12.1;
					};
				};
			};
			buildConfigurationList = B9B4AB3825725E180013C592 /* Build configuration list for PBXProject "FuddApp" */;
			compatibilityVersion = "Xcode 9.3";
			developmentRegion = en;
			hasScannedForEncodings = 0;
			knownRegions = (
				en,
				Base,
			);
			mainGroup = B9B4AB3425725E180013C592;
			productRefGroup = B9B4AB3E25725E180013C592 /* Products */;
			projectDirPath = "";
			projectRoot = "";
			targets = (
				B9B4AB3C25725E180013C592 /* FuddApp */,
			);
		};
/* End PBXProject section */

/* Begin PBXResourcesBuildPhase section */
		B9B4AB3B25725E180013C592 /* Resources */ = {
			isa = PBXResourcesBuildPhase;
			buildActionMask = 2147483647;
			files = (
				B9B4AB4D25725E1C0013C592 /* LaunchScreen.storyboard in Resources */,
				B9B4AB4A25725E1C0013C592 /* Assets.xcassets in Resources */,
				B9B4AB702572B7700013C592 /* HomeCollectionViewCell.xib in Resources */,
			);
			runOnlyForDeploymentPostprocessing = 0;
		};
/* End PBXResourcesBuildPhase section */

/* Begin PBXShellScriptBuildPhase section */
		A4F9097CD1A0D032AB5E57A5 /* [CP] Embed Pods Frameworks */ = {
			isa = PBXShellScriptBuildPhase;
			buildActionMask = 2147483647;
			files = (
			);
			inputFileListPaths = (
				"${PODS_ROOT}/Target Support Files/Pods-FuddApp/Pods-FuddApp-frameworks-${CONFIGURATION}-input-files.xcfilelist",
			);
			name = "[CP] Embed Pods Frameworks";
			outputFileListPaths = (
				"${PODS_ROOT}/Target Support Files/Pods-FuddApp/Pods-FuddApp-frameworks-${CONFIGURATION}-output-files.xcfilelist",
			);
			runOnlyForDeploymentPostprocessing = 0;
			shellPath = /bin/sh;
			shellScript = "\"${PODS_ROOT}/Target Support Files/Pods-FuddApp/Pods-FuddApp-frameworks.sh\"\n";
			showEnvVarsInLog = 0;
		};
		B9B4AB60257262BE0013C592 /* SwiftLint */ = {
			isa = PBXShellScriptBuildPhase;
			buildActionMask = 2147483647;
			files = (
			);
			inputFileListPaths = (
			);
			inputPaths = (
			);
			name = SwiftLint;
			outputFileListPaths = (
			);
			outputPaths = (
			);
			runOnlyForDeploymentPostprocessing = 0;
			shellPath = /bin/sh;
			shellScript = "if which swiftlint >/dev/null; then\n  swiftlint\nelse\n  echo \"warning: SwiftLint not installed, download from https://github.com/realm/SwiftLint\"\nfi\n# Type a script or drag a script file from your workspace to insert its path.\n";
		};
		D5800CC3293BB195A1C0FB9D /* [CP] Check Pods Manifest.lock */ = {
			isa = PBXShellScriptBuildPhase;
			buildActionMask = 2147483647;
			files = (
			);
			inputFileListPaths = (
			);
			inputPaths = (
				"${PODS_PODFILE_DIR_PATH}/Podfile.lock",
				"${PODS_ROOT}/Manifest.lock",
			);
			name = "[CP] Check Pods Manifest.lock";
			outputFileListPaths = (
			);
			outputPaths = (
				"$(DERIVED_FILE_DIR)/Pods-FuddApp-checkManifestLockResult.txt",
			);
			runOnlyForDeploymentPostprocessing = 0;
			shellPath = /bin/sh;
			shellScript = "diff \"${PODS_PODFILE_DIR_PATH}/Podfile.lock\" \"${PODS_ROOT}/Manifest.lock\" > /dev/null\nif [ $? != 0 ] ; then\n    # print error to STDERR\n    echo \"error: The sandbox is not in sync with the Podfile.lock. Run 'pod install' or update your CocoaPods installation.\" >&2\n    exit 1\nfi\n# This output is used by Xcode 'outputs' to avoid re-running this script phase.\necho \"SUCCESS\" > \"${SCRIPT_OUTPUT_FILE_0}\"\n";
			showEnvVarsInLog = 0;
		};
/* End PBXShellScriptBuildPhase section */

/* Begin PBXSourcesBuildPhase section */
		B9B4AB3925725E180013C592 /* Sources */ = {
			isa = PBXSourcesBuildPhase;
			buildActionMask = 2147483647;
			files = (
				B9B2B2C1257C073200749932 /* AppCoordinator.swift in Sources */,
				B9B4AB762572BD170013C592 /* Restaurant.swift in Sources */,
				B9B4AB8025739D630013C592 /* HeaderView.swift in Sources */,
				B9B2B289257C04E600749932 /* MockServices.swift in Sources */,
				B9B2B28C257C04EA00749932 /* FudAppApi.swift in Sources */,
				B9B4AB4525725E180013C592 /* HomeViewController.swift in Sources */,
				B9B4AB4125725E180013C592 /* AppDelegate.swift in Sources */,
				B9B2B2BE257C06E500749932 /* Coordinator.swift in Sources */,
				B9B2B286257C04E200749932 /* Services.swift in Sources */,
				B9B2B2BB257C06CF00749932 /* HomeCoordinator.swift in Sources */,
				B9B4AB4325725E180013C592 /* SceneDelegate.swift in Sources */,
				B9B4AB6F2572B7700013C592 /* HomeCollectionViewCell.swift in Sources */,
			);
			runOnlyForDeploymentPostprocessing = 0;
		};
/* End PBXSourcesBuildPhase section */

/* Begin PBXVariantGroup section */
		B9B4AB4B25725E1C0013C592 /* LaunchScreen.storyboard */ = {
			isa = PBXVariantGroup;
			children = (
				B9B4AB4C25725E1C0013C592 /* Base */,
			);
			name = LaunchScreen.storyboard;
			sourceTree = "<group>";
		};
/* End PBXVariantGroup section */

/* Begin XCBuildConfiguration section */
		B9B4AB4F25725E1C0013C592 /* Debug */ = {
			isa = XCBuildConfiguration;
			buildSettings = {
				ALWAYS_SEARCH_USER_PATHS = NO;
				CLANG_ANALYZER_NONNULL = YES;
				CLANG_ANALYZER_NUMBER_OBJECT_CONVERSION = YES_AGGRESSIVE;
				CLANG_CXX_LANGUAGE_STANDARD = "gnu++14";
				CLANG_CXX_LIBRARY = "libc++";
				CLANG_ENABLE_MODULES = YES;
				CLANG_ENABLE_OBJC_ARC = YES;
				CLANG_ENABLE_OBJC_WEAK = YES;
				CLANG_WARN_BLOCK_CAPTURE_AUTORELEASING = YES;
				CLANG_WARN_BOOL_CONVERSION = YES;
				CLANG_WARN_COMMA = YES;
				CLANG_WARN_CONSTANT_CONVERSION = YES;
				CLANG_WARN_DEPRECATED_OBJC_IMPLEMENTATIONS = YES;
				CLANG_WARN_DIRECT_OBJC_ISA_USAGE = YES_ERROR;
				CLANG_WARN_DOCUMENTATION_COMMENTS = YES;
				CLANG_WARN_EMPTY_BODY = YES;
				CLANG_WARN_ENUM_CONVERSION = YES;
				CLANG_WARN_INFINITE_RECURSION = YES;
				CLANG_WARN_INT_CONVERSION = YES;
				CLANG_WARN_NON_LITERAL_NULL_CONVERSION = YES;
				CLANG_WARN_OBJC_IMPLICIT_RETAIN_SELF = YES;
				CLANG_WARN_OBJC_LITERAL_CONVERSION = YES;
				CLANG_WARN_OBJC_ROOT_CLASS = YES_ERROR;
				CLANG_WARN_QUOTED_INCLUDE_IN_FRAMEWORK_HEADER = YES;
				CLANG_WARN_RANGE_LOOP_ANALYSIS = YES;
				CLANG_WARN_STRICT_PROTOTYPES = YES;
				CLANG_WARN_SUSPICIOUS_MOVE = YES;
				CLANG_WARN_UNGUARDED_AVAILABILITY = YES_AGGRESSIVE;
				CLANG_WARN_UNREACHABLE_CODE = YES;
				CLANG_WARN__DUPLICATE_METHOD_MATCH = YES;
				COPY_PHASE_STRIP = NO;
				DEBUG_INFORMATION_FORMAT = dwarf;
				ENABLE_STRICT_OBJC_MSGSEND = YES;
				ENABLE_TESTABILITY = YES;
				GCC_C_LANGUAGE_STANDARD = gnu11;
				GCC_DYNAMIC_NO_PIC = NO;
				GCC_NO_COMMON_BLOCKS = YES;
				GCC_OPTIMIZATION_LEVEL = 0;
				GCC_PREPROCESSOR_DEFINITIONS = (
					"DEBUG=1",
					"$(inherited)",
				);
				GCC_WARN_64_TO_32_BIT_CONVERSION = YES;
				GCC_WARN_ABOUT_RETURN_TYPE = YES_ERROR;
				GCC_WARN_UNDECLARED_SELECTOR = YES;
				GCC_WARN_UNINITIALIZED_AUTOS = YES_AGGRESSIVE;
				GCC_WARN_UNUSED_FUNCTION = YES;
				GCC_WARN_UNUSED_VARIABLE = YES;
				IPHONEOS_DEPLOYMENT_TARGET = 14.1;
				MTL_ENABLE_DEBUG_INFO = INCLUDE_SOURCE;
				MTL_FAST_MATH = YES;
				ONLY_ACTIVE_ARCH = YES;
				SDKROOT = iphoneos;
				SWIFT_ACTIVE_COMPILATION_CONDITIONS = DEBUG;
				SWIFT_OPTIMIZATION_LEVEL = "-Onone";
			};
			name = Debug;
		};
		B9B4AB5025725E1C0013C592 /* Release */ = {
			isa = XCBuildConfiguration;
			buildSettings = {
				ALWAYS_SEARCH_USER_PATHS = NO;
				CLANG_ANALYZER_NONNULL = YES;
				CLANG_ANALYZER_NUMBER_OBJECT_CONVERSION = YES_AGGRESSIVE;
				CLANG_CXX_LANGUAGE_STANDARD = "gnu++14";
				CLANG_CXX_LIBRARY = "libc++";
				CLANG_ENABLE_MODULES = YES;
				CLANG_ENABLE_OBJC_ARC = YES;
				CLANG_ENABLE_OBJC_WEAK = YES;
				CLANG_WARN_BLOCK_CAPTURE_AUTORELEASING = YES;
				CLANG_WARN_BOOL_CONVERSION = YES;
				CLANG_WARN_COMMA = YES;
				CLANG_WARN_CONSTANT_CONVERSION = YES;
				CLANG_WARN_DEPRECATED_OBJC_IMPLEMENTATIONS = YES;
				CLANG_WARN_DIRECT_OBJC_ISA_USAGE = YES_ERROR;
				CLANG_WARN_DOCUMENTATION_COMMENTS = YES;
				CLANG_WARN_EMPTY_BODY = YES;
				CLANG_WARN_ENUM_CONVERSION = YES;
				CLANG_WARN_INFINITE_RECURSION = YES;
				CLANG_WARN_INT_CONVERSION = YES;
				CLANG_WARN_NON_LITERAL_NULL_CONVERSION = YES;
				CLANG_WARN_OBJC_IMPLICIT_RETAIN_SELF = YES;
				CLANG_WARN_OBJC_LITERAL_CONVERSION = YES;
				CLANG_WARN_OBJC_ROOT_CLASS = YES_ERROR;
				CLANG_WARN_QUOTED_INCLUDE_IN_FRAMEWORK_HEADER = YES;
				CLANG_WARN_RANGE_LOOP_ANALYSIS = YES;
				CLANG_WARN_STRICT_PROTOTYPES = YES;
				CLANG_WARN_SUSPICIOUS_MOVE = YES;
				CLANG_WARN_UNGUARDED_AVAILABILITY = YES_AGGRESSIVE;
				CLANG_WARN_UNREACHABLE_CODE = YES;
				CLANG_WARN__DUPLICATE_METHOD_MATCH = YES;
				COPY_PHASE_STRIP = NO;
				DEBUG_INFORMATION_FORMAT = "dwarf-with-dsym";
				ENABLE_NS_ASSERTIONS = NO;
				ENABLE_STRICT_OBJC_MSGSEND = YES;
				GCC_C_LANGUAGE_STANDARD = gnu11;
				GCC_NO_COMMON_BLOCKS = YES;
				GCC_WARN_64_TO_32_BIT_CONVERSION = YES;
				GCC_WARN_ABOUT_RETURN_TYPE = YES_ERROR;
				GCC_WARN_UNDECLARED_SELECTOR = YES;
				GCC_WARN_UNINITIALIZED_AUTOS = YES_AGGRESSIVE;
				GCC_WARN_UNUSED_FUNCTION = YES;
				GCC_WARN_UNUSED_VARIABLE = YES;
				IPHONEOS_DEPLOYMENT_TARGET = 14.1;
				MTL_ENABLE_DEBUG_INFO = NO;
				MTL_FAST_MATH = YES;
				SDKROOT = iphoneos;
				SWIFT_COMPILATION_MODE = wholemodule;
				SWIFT_OPTIMIZATION_LEVEL = "-O";
				VALIDATE_PRODUCT = YES;
			};
			name = Release;
		};
		B9B4AB5225725E1C0013C592 /* Debug */ = {
			isa = XCBuildConfiguration;
			baseConfigurationReference = 6B81495D70874B5C57B4FF45 /* Pods-FuddApp.debug.xcconfig */;
			buildSettings = {
				ASSETCATALOG_COMPILER_APPICON_NAME = AppIcon;
				ASSETCATALOG_COMPILER_GLOBAL_ACCENT_COLOR_NAME = AccentColor;
				CODE_SIGN_STYLE = Automatic;
				INFOPLIST_FILE = FuddApp/Application/Info.plist;
				IPHONEOS_DEPLOYMENT_TARGET = 13.0;
				LD_RUNPATH_SEARCH_PATHS = (
					"$(inherited)",
					"@executable_path/Frameworks",
				);
				PRODUCT_BUNDLE_IDENTIFIER = it.barberasrl.FuddApp;
				PRODUCT_NAME = "$(TARGET_NAME)";
				SWIFT_VERSION = 5.0;
				TARGETED_DEVICE_FAMILY = "1,2";
			};
			name = Debug;
		};
		B9B4AB5325725E1C0013C592 /* Release */ = {
			isa = XCBuildConfiguration;
			baseConfigurationReference = 3D49DF5C9E4BEBB780526451 /* Pods-FuddApp.release.xcconfig */;
			buildSettings = {
				ASSETCATALOG_COMPILER_APPICON_NAME = AppIcon;
				ASSETCATALOG_COMPILER_GLOBAL_ACCENT_COLOR_NAME = AccentColor;
				CODE_SIGN_STYLE = Automatic;
				INFOPLIST_FILE = FuddApp/Application/Info.plist;
				IPHONEOS_DEPLOYMENT_TARGET = 13.0;
				LD_RUNPATH_SEARCH_PATHS = (
					"$(inherited)",
					"@executable_path/Frameworks",
				);
				PRODUCT_BUNDLE_IDENTIFIER = it.barberasrl.FuddApp;
				PRODUCT_NAME = "$(TARGET_NAME)";
				SWIFT_VERSION = 5.0;
				TARGETED_DEVICE_FAMILY = "1,2";
			};
			name = Release;
		};
/* End XCBuildConfiguration section */

/* Begin XCConfigurationList section */
		B9B4AB3825725E180013C592 /* Build configuration list for PBXProject "FuddApp" */ = {
			isa = XCConfigurationList;
			buildConfigurations = (
				B9B4AB4F25725E1C0013C592 /* Debug */,
				B9B4AB5025725E1C0013C592 /* Release */,
			);
			defaultConfigurationIsVisible = 0;
			defaultConfigurationName = Release;
		};
		B9B4AB5125725E1C0013C592 /* Build configuration list for PBXNativeTarget "FuddApp" */ = {
			isa = XCConfigurationList;
			buildConfigurations = (
				B9B4AB5225725E1C0013C592 /* Debug */,
				B9B4AB5325725E1C0013C592 /* Release */,
			);
			defaultConfigurationIsVisible = 0;
			defaultConfigurationName = Release;
		};
/* End XCConfigurationList section */
	};
	rootObject = B9B4AB3525725E180013C592 /* Project object */;
}
